
Microsoft Visual Studio Solution File, Format Version 12.00
# Visual Studio Version 17
VisualStudioVersion = 17.6.33723.286
MinimumVisualStudioVersion = 10.0.40219.1
Project("{9A19103F-16F7-4668-BE54-9A1E7A4F7556}") = "CRUDTask", "CRUDTask\CRUDTask.csproj", "{09AF4F66-B699-44B0-A374-B770F1A6AA46}"
EndProject
Project("{FAE04EC0-301F-11D3-BF4B-00C04F79EFBC}") = "CRUDTaskClient", "CRUDTaskClient\CRUDTaskClient.csproj", "{8F4D81C1-D24A-412D-9053-587587DF21E8}"
EndProject
Global
	GlobalSection(SolutionConfigurationPlatforms) = preSolution
		Debug|Any CPU = Debug|Any CPU
		Release|Any CPU = Release|Any CPU
	EndGlobalSection
	GlobalSection(ProjectConfigurationPlatforms) = postSolution
		{09AF4F66-B699-44B0-A374-B770F1A6AA46}.Debug|Any CPU.ActiveCfg = Debug|Any CPU
		{09AF4F66-B699-44B0-A374-B770F1A6AA46}.Debug|Any CPU.Build.0 = Debug|Any CPU
		{09AF4F66-B699-44B0-A374-B770F1A6AA46}.Release|Any CPU.ActiveCfg = Release|Any CPU
		{09AF4F66-B699-44B0-A374-B770F1A6AA46}.Release|Any CPU.Build.0 = Release|Any CPU
		{8F4D81C1-D24A-412D-9053-587587DF21E8}.Debug|Any CPU.ActiveCfg = Debug|Any CPU
		{8F4D81C1-D24A-412D-9053-587587DF21E8}.Debug|Any CPU.Build.0 = Debug|Any CPU
		{8F4D81C1-D24A-412D-9053-587587DF21E8}.Release|Any CPU.ActiveCfg = Release|Any CPU
		{8F4D81C1-D24A-412D-9053-587587DF21E8}.Release|Any CPU.Build.0 = Release|Any CPU
	EndGlobalSection
	GlobalSection(SolutionProperties) = preSolution
		HideSolutionNode = FALSE
	EndGlobalSection
	GlobalSection(ExtensibilityGlobals) = postSolution
		SolutionGuid = {0A84CECE-BD81-475A-8618-91F612FBC0D2}
	EndGlobalSection
EndGlobal
